
Microsoft Visual Studio Solution File, Format Version 12.00
# Visual Studio Version 16
VisualStudioVersion = 16.0.29905.134
MinimumVisualStudioVersion = 10.0.40219.1
Project("{FAE04EC0-301F-11D3-BF4B-00C04F79EFBC}") = "MergeJPEGExtendedXMP", "MergeJPEGExtendedXMP.csproj", "{EB37E11A-4B2C-4AA8-AAD0-94AA960B0B6F}"
EndProject
Global
	GlobalSection(SolutionConfigurationPlatforms) = preSolution
		Debug|Any CPU = Debug|Any CPU
		Release|Any CPU = Release|Any CPU
	EndGlobalSection
	GlobalSection(ProjectConfigurationPlatforms) = postSolution
		{EB37E11A-4B2C-4AA8-AAD0-94AA960B0B6F}.Debug|Any CPU.ActiveCfg = Debug|Any CPU
		{EB37E11A-4B2C-4AA8-AAD0-94AA960B0B6F}.Debug|Any CPU.Build.0 = Debug|Any CPU
		{EB37E11A-4B2C-4AA8-AAD0-94AA960B0B6F}.Release|Any CPU.ActiveCfg = Release|Any CPU
		{EB37E11A-4B2C-4AA8-AAD0-94AA960B0B6F}.Release|Any CPU.Build.0 = Release|Any CPU
	EndGlobalSection
	GlobalSection(SolutionProperties) = preSolution
		HideSolutionNode = FALSE
	EndGlobalSection
	GlobalSection(ExtensibilityGlobals) = postSolution
		SolutionGuid = {F4488AE8-DC99-43B0-B23A-76F4B35FB8F1}
	EndGlobalSection
EndGlobal
